
Microsoft Visual Studio Solution File, Format Version 12.00
# Visual Studio Version 16
VisualStudioVersion = 16.0.30524.135
MinimumVisualStudioVersion = 10.0.40219.1
Project("{2150E333-8FDC-42A3-9474-1A3956D46DE8}") = "client", "client", "{21FFB09B-D3F1-4FE8-B510-86C007C7401A}"
EndProject
Project("{FAE04EC0-301F-11D3-BF4B-00C04F79EFBC}") = "dashboard.wasm", "client\dashboard.wasm\dashboard.wasm.csproj", "{1D7D8F0E-84D4-42F2-B348-17E5FE5D732B}"
EndProject
Global
	GlobalSection(SolutionConfigurationPlatforms) = preSolution
		Debug|Any CPU = Debug|Any CPU
		Release|Any CPU = Release|Any CPU
	EndGlobalSection
	GlobalSection(ProjectConfigurationPlatforms) = postSolution
		{1D7D8F0E-84D4-42F2-B348-17E5FE5D732B}.Debug|Any CPU.ActiveCfg = Debug|Any CPU
		{1D7D8F0E-84D4-42F2-B348-17E5FE5D732B}.Debug|Any CPU.Build.0 = Debug|Any CPU
		{1D7D8F0E-84D4-42F2-B348-17E5FE5D732B}.Release|Any CPU.ActiveCfg = Release|Any CPU
		{1D7D8F0E-84D4-42F2-B348-17E5FE5D732B}.Release|Any CPU.Build.0 = Release|Any CPU
	EndGlobalSection
	GlobalSection(SolutionProperties) = preSolution
		HideSolutionNode = FALSE
	EndGlobalSection
	GlobalSection(NestedProjects) = preSolution
		{1D7D8F0E-84D4-42F2-B348-17E5FE5D732B} = {21FFB09B-D3F1-4FE8-B510-86C007C7401A}
	EndGlobalSection
	GlobalSection(ExtensibilityGlobals) = postSolution
		SolutionGuid = {6F638E12-EA63-4BAA-9C29-EB91A8442194}
	EndGlobalSection
EndGlobal
